
Microsoft Visual Studio Solution File, Format Version 12.00
# Visual Studio 15
VisualStudioVersion = 15.0.27004.2005
MinimumVisualStudioVersion = 10.0.40219.1
Project("{9A19103F-16F7-4668-BE54-9A1E7A4F7556}") = "Question1", "Question1.csproj", "{DD060A20-84BB-4B0F-B7A6-99FB772910E4}"
EndProject
Global
	GlobalSection(SolutionConfigurationPlatforms) = preSolution
		Debug|Any CPU = Debug|Any CPU
		Release|Any CPU = Release|Any CPU
	EndGlobalSection
	GlobalSection(ProjectConfigurationPlatforms) = postSolution
		{DD060A20-84BB-4B0F-B7A6-99FB772910E4}.Debug|Any CPU.ActiveCfg = Debug|Any CPU
		{DD060A20-84BB-4B0F-B7A6-99FB772910E4}.Debug|Any CPU.Build.0 = Debug|Any CPU
		{DD060A20-84BB-4B0F-B7A6-99FB772910E4}.Release|Any CPU.ActiveCfg = Release|Any CPU
		{DD060A20-84BB-4B0F-B7A6-99FB772910E4}.Release|Any CPU.Build.0 = Release|Any CPU
	EndGlobalSection
	GlobalSection(SolutionProperties) = preSolution
		HideSolutionNode = FALSE
	EndGlobalSection
	GlobalSection(ExtensibilityGlobals) = postSolution
		SolutionGuid = {C4FD369A-6700-4CE1-B0D1-0EA6C7C72B0F}
	EndGlobalSection
EndGlobal
